
Microsoft Visual Studio Solution File, Format Version 12.00
# Visual Studio Version 17
VisualStudioVersion = 17.4.33213.308
MinimumVisualStudioVersion = 10.0.40219.1
Project("{FAE04EC0-301F-11D3-BF4B-00C04F79EFBC}") = "ChinookDal", "ChinookDal\ChinookDal.csproj", "{3721AB88-4151-43CE-96A6-B8E50E867C70}"
EndProject
Project("{FAE04EC0-301F-11D3-BF4B-00C04F79EFBC}") = "ChinookUnitTests", "ChinookUnitTests\ChinookUnitTests.csproj", "{443C12DC-5B66-45E4-9F81-BA0F2B807C44}"
EndProject
Global
	GlobalSection(SolutionConfigurationPlatforms) = preSolution
		Debug|Any CPU = Debug|Any CPU
		Release|Any CPU = Release|Any CPU
	EndGlobalSection
	GlobalSection(ProjectConfigurationPlatforms) = postSolution
		{3721AB88-4151-43CE-96A6-B8E50E867C70}.Debug|Any CPU.ActiveCfg = Debug|Any CPU
		{3721AB88-4151-43CE-96A6-B8E50E867C70}.Debug|Any CPU.Build.0 = Debug|Any CPU
		{3721AB88-4151-43CE-96A6-B8E50E867C70}.Release|Any CPU.ActiveCfg = Release|Any CPU
		{3721AB88-4151-43CE-96A6-B8E50E867C70}.Release|Any CPU.Build.0 = Release|Any CPU
		{443C12DC-5B66-45E4-9F81-BA0F2B807C44}.Debug|Any CPU.ActiveCfg = Debug|Any CPU
		{443C12DC-5B66-45E4-9F81-BA0F2B807C44}.Debug|Any CPU.Build.0 = Debug|Any CPU
		{443C12DC-5B66-45E4-9F81-BA0F2B807C44}.Release|Any CPU.ActiveCfg = Release|Any CPU
		{443C12DC-5B66-45E4-9F81-BA0F2B807C44}.Release|Any CPU.Build.0 = Release|Any CPU
	EndGlobalSection
	GlobalSection(SolutionProperties) = preSolution
		HideSolutionNode = FALSE
	EndGlobalSection
	GlobalSection(ExtensibilityGlobals) = postSolution
		SolutionGuid = {DCAA4BE3-C8C0-4BDE-A996-96C39F3CFE43}
	EndGlobalSection
EndGlobal
